// !$*UTF8*$!
{
	archiveVersion = 1;
	classes = {
	};
	objectVersion = 77;
	objects = {

/* Begin PBXBuildFile section */
		160AC5442E317657003D13A2 /* Kingfisher in Frameworks */ = {isa = PBXBuildFile; productRef = 160AC5432E317657003D13A2 /* Kingfisher */; };
/* End PBXBuildFile section */

/* Begin PBXContainerItemProxy section */
		1624F53C2E39179F0053DEDC /* PBXContainerItemProxy */ = {
			isa = PBXContainerItemProxy;
			containerPortal = 160AC4C12E316281003D13A2 /* Project object */;
			proxyType = 1;
			remoteGlobalIDString = 160AC4C82E316282003D13A2;
			remoteInfo = Brasileirao;
		};
		1624F5692E3942570053DEDC /* PBXContainerItemProxy */ = {
			isa = PBXContainerItemProxy;
			containerPortal = 160AC4C12E316281003D13A2 /* Project object */;
			proxyType = 1;
			remoteGlobalIDString = 160AC4C82E316282003D13A2;
			remoteInfo = Brasileirao;
		};
/* End PBXContainerItemProxy section */

/* Begin PBXFileReference section */
		160AC4C92E316282003D13A2 /* Brasileirao.app */ = {isa = PBXFileReference; explicitFileType = wrapper.application; includeInIndex = 0; path = Brasileirao.app; sourceTree = BUILT_PRODUCTS_DIR; };
		1624F5382E39179F0053DEDC /* BrasileiraoTests.xctest */ = {isa = PBXFileReference; explicitFileType = wrapper.cfbundle; includeInIndex = 0; path = BrasileiraoTests.xctest; sourceTree = BUILT_PRODUCTS_DIR; };
		1624F5632E3942570053DEDC /* BrasileiraoUITests.xctest */ = {isa = PBXFileReference; explicitFileType = wrapper.cfbundle; includeInIndex = 0; path = BrasileiraoUITests.xctest; sourceTree = BUILT_PRODUCTS_DIR; };
/* End PBXFileReference section */

/* Begin PBXFileSystemSynchronizedBuildFileExceptionSet section */
		160AC5492E317DB9003D13A2 /* Exceptions for "Brasileirao" folder in "Brasileirao" target */ = {
			isa = PBXFileSystemSynchronizedBuildFileExceptionSet;
			membershipExceptions = (
				App/Info.plist,
			);
			target = 160AC4C82E316282003D13A2 /* Brasileirao */;
		};
		16DA59D7305DBDD100CB5576 /* Exceptions for "Brasileirao" folder in "BrasileiraoTests" target */ = {
			isa = PBXFileSystemSynchronizedBuildFileExceptionSet;
			membershipExceptions = (
				Screens/FanRegistration/FanRegistrationViewModel.swift,
			);
			target = 1624F5372E39179F0053DEDC /* BrasileiraoTests */;
		};
/* End PBXFileSystemSynchronizedBuildFileExceptionSet section */

/* Begin PBXFileSystemSynchronizedRootGroup section */
		160AC4CB2E316282003D13A2 /* Brasileirao */ = {
			isa = PBXFileSystemSynchronizedRootGroup;
			exceptions = (
				160AC5492E317DB9003D13A2 /* Exceptions for "Brasileirao" folder in "Brasileirao" target */,
				16DA59D7305DBDD100CB5576 /* Exceptions for "Brasileirao" folder in "BrasileiraoTests" target */,
			);
			path = Brasileirao;
			sourceTree = "<group>";
		};
		1624F5392E39179F0053DEDC /* BrasileiraoTests */ = {
			isa = PBXFileSystemSynchronizedRootGroup;
			path = BrasileiraoTests;
			sourceTree = "<group>";
		};
		1624F5642E3942570053DEDC /* BrasileiraoUITests */ = {
			isa = PBXFileSystemSynchronizedRootGroup;
			path = BrasileiraoUITests;
			sourceTree = "<group>";
		};
/* End PBXFileSystemSynchronizedRootGroup section */

/* Begin PBXFrameworksBuildPhase section */
		160AC4C62E316282003D13A2 /* Frameworks */ = {
			isa = PBXFrameworksBuildPhase;
			buildActionMask = 2147483647;
			files = (
				160AC5442E317657003D13A2 /* Kingfisher in Frameworks */,
			);
			runOnlyForDeploymentPostprocessing = 0;
		};
		1624F5352E39179F0053DEDC /* Frameworks */ = {
			isa = PBXFrameworksBuildPhase;
			buildActionMask = 2147483647;
			files = (
			);
			runOnlyForDeploymentPostprocessing = 0;
		};
		1624F5602E3942570053DEDC /* Frameworks */ = {
			isa = PBXFrameworksBuildPhase;
			buildActionMask = 2147483647;
			files = (
			);
			runOnlyForDeploymentPostprocessing = 0;
		};
/* End PBXFrameworksBuildPhase section */

/* Begin PBXGroup section */
		160AC4C02E316281003D13A2 = {
			isa = PBXGroup;
			children = (
				160AC4CB2E316282003D13A2 /* Brasileirao */,
				1624F5392E39179F0053DEDC /* BrasileiraoTests */,
				1624F5642E3942570053DEDC /* BrasileiraoUITests */,
				160AC4CA2E316282003D13A2 /* Products */,
			);
			sourceTree = "<group>";
		};
		160AC4CA2E316282003D13A2 /* Products */ = {
			isa = PBXGroup;
			children = (
				160AC4C92E316282003D13A2 /* Brasileirao.app */,
				1624F5382E39179F0053DEDC /* BrasileiraoTests.xctest */,
				1624F5632E3942570053DEDC /* BrasileiraoUITests.xctest */,
			);
			name = Products;
			sourceTree = "<group>";
		};
/* End PBXGroup section */

/* Begin PBXNativeTarget section */
		160AC4C82E316282003D13A2 /* Brasileirao */ = {
			isa = PBXNativeTarget;
			buildConfigurationList = 160AC4EC2E316284003D13A2 /* Build configuration list for PBXNativeTarget "Brasileirao" */;
			buildPhases = (
				160AC4C52E316282003D13A2 /* Sources */,
				160AC4C62E316282003D13A2 /* Frameworks */,
				160AC4C72E316282003D13A2 /* Resources */,
			);
			buildRules = (
			);
			dependencies = (
			);
			fileSystemSynchronizedGroups = (
				160AC4CB2E316282003D13A2 /* Brasileirao */,
			);
			name = Brasileirao;
			packageProductDependencies = (
				160AC5432E317657003D13A2 /* Kingfisher */,
			);
			productName = Brasileirao;
			productReference = 160AC4C92E316282003D13A2 /* Brasileirao.app */;
			productType = "com.apple.product-type.application";
		};
		1624F5372E39179F0053DEDC /* BrasileiraoTests */ = {
			isa = PBXNativeTarget;
			buildConfigurationList = 1624F53E2E39179F0053DEDC /* Build configuration list for PBXNativeTarget "BrasileiraoTests" */;
			buildPhases = (
				1624F5342E39179F0053DEDC /* Sources */,
				1624F5352E39179F0053DEDC /* Frameworks */,
				1624F5362E39179F0053DEDC /* Resources */,
			);
			buildRules = (
			);
			dependencies = (
				1624F53D2E39179F0053DEDC /* PBXTargetDependency */,
			);
			fileSystemSynchronizedGroups = (
				1624F5392E39179F0053DEDC /* BrasileiraoTests */,
			);
			name = BrasileiraoTests;
			packageProductDependencies = (
			);
			productName = BrasileiraoTests;
			productReference = 1624F5382E39179F0053DEDC /* BrasileiraoTests.xctest */;
			productType = "com.apple.product-type.bundle.unit-test";
		};
		1624F5622E3942570053DEDC /* BrasileiraoUITests */ = {
			isa = PBXNativeTarget;
			buildConfigurationList = 1624F56B2E3942570053DEDC /* Build configuration list for PBXNativeTarget "BrasileiraoUITests" */;
			buildPhases = (
				1624F55F2E3942570053DEDC /* Sources */,
				1624F5602E3942570053DEDC /* Frameworks */,
				1624F5612E3942570053DEDC /* Resources */,
			);
			buildRules = (
			);
			dependencies = (
				1624F56A2E3942570053DEDC /* PBXTargetDependency */,
			);
			fileSystemSynchronizedGroups = (
				1624F5642E3942570053DEDC /* BrasileiraoUITests */,
			);
			name = BrasileiraoUITests;
			packageProductDependencies = (
			);
			productName = BrasileiraoUITests;
			productReference = 1624F5632E3942570053DEDC /* BrasileiraoUITests.xctest */;
			productType = "com.apple.product-type.bundle.ui-testing";
		};
/* End PBXNativeTarget section */

/* Begin PBXProject section */
		160AC4C12E316281003D13A2 /* Project object */ = {
			isa = PBXProject;
			attributes = {
				BuildIndependentTargetsInParallel = 1;
				LastSwiftUpdateCheck = 1630;
				LastUpgradeCheck = 1630;
				TargetAttributes = {
					160AC4C82E316282003D13A2 = {
						CreatedOnToolsVersion = 16.3;
					};
					1624F5372E39179F0053DEDC = {
						CreatedOnToolsVersion = 16.3;
						TestTargetID = 160AC4C82E316282003D13A2;
					};
					1624F5622E3942570053DEDC = {
						CreatedOnToolsVersion = 16.3;
						TestTargetID = 160AC4C82E316282003D13A2;
					};
				};
			};
			buildConfigurationList = 160AC4C42E316281003D13A2 /* Build configuration list for PBXProject "Brasileirao" */;
			developmentRegion = en;
			hasScannedForEncodings = 0;
			knownRegions = (
				en,
				Base,
				"pt-BR",
				es,
			);
			mainGroup = 160AC4C02E316281003D13A2;
			minimizedProjectReferenceProxies = 1;
			packageReferences = (
				160AC5422E317657003D13A2 /* XCRemoteSwiftPackageReference "Kingfisher" */,
			);
			preferredProjectObjectVersion = 77;
			productRefGroup = 160AC4CA2E316282003D13A2 /* Products */;
			projectDirPath = "";
			projectRoot = "";
			targets = (
				160AC4C82E316282003D13A2 /* Brasileirao */,
				1624F5372E39179F0053DEDC /* BrasileiraoTests */,
				1624F5622E3942570053DEDC /* BrasileiraoUITests */,
			);
		};
/* End PBXProject section */

/* Begin PBXResourcesBuildPhase section */
		160AC4C72E316282003D13A2 /* Resources */ = {
			isa = PBXResourcesBuildPhase;
			buildActionMask = 2147483647;
			files = (
			);
			runOnlyForDeploymentPostprocessing = 0;
		};
		1624F5362E39179F0053DEDC /* Resources */ = {
			isa = PBXResourcesBuildPhase;
			buildActionMask = 2147483647;
			files = (
			);
			runOnlyForDeploymentPostprocessing = 0;
		};
		1624F5612E3942570053DEDC /* Resources */ = {
			isa = PBXResourcesBuildPhase;
			buildActionMask = 2147483647;
			files = (
			);
			runOnlyForDeploymentPostprocessing = 0;
		};
/* End PBXResourcesBuildPhase section */

/* Begin PBXSourcesBuildPhase section */
		160AC4C52E316282003D13A2 /* Sources */ = {
			isa = PBXSourcesBuildPhase;
			buildActionMask = 2147483647;
			files = (
			);
			runOnlyForDeploymentPostprocessing = 0;
		};
		1624F5342E39179F0053DEDC /* Sources */ = {
			isa = PBXSourcesBuildPhase;
			buildActionMask = 2147483647;
			files = (
			);
			runOnlyForDeploymentPostprocessing = 0;
		};
		1624F55F2E3942570053DEDC /* Sources */ = {
			isa = PBXSourcesBuildPhase;
			buildActionMask = 2147483647;
			files = (
			);
			runOnlyForDeploymentPostprocessing = 0;
		};
/* End PBXSourcesBuildPhase section */

/* Begin PBXTargetDependency section */
		1624F53D2E39179F0053DEDC /* PBXTargetDependency */ = {
			isa = PBXTargetDependency;
			target = 160AC4C82E316282003D13A2 /* Brasileirao */;
			targetProxy = 1624F53C2E39179F0053DEDC /* PBXContainerItemProxy */;
		};
		1624F56A2E3942570053DEDC /* PBXTargetDependency */ = {
			isa = PBXTargetDependency;
			target = 160AC4C82E316282003D13A2 /* Brasileirao */;
			targetProxy = 1624F5692E3942570053DEDC /* PBXContainerItemProxy */;
		};
/* End PBXTargetDependency section */

/* Begin XCBuildConfiguration section */
		160AC4EA2E316284003D13A2 /* Debug */ = {
			isa = XCBuildConfiguration;
			buildSettings = {
				ALWAYS_SEARCH_USER_PATHS = NO;
				ASSETCATALOG_COMPILER_GENERATE_SWIFT_ASSET_SYMBOL_EXTENSIONS = YES;
				CLANG_ANALYZER_NONNULL = YES;
				CLANG_ANALYZER_NUMBER_OBJECT_CONVERSION = YES_AGGRESSIVE;
				CLANG_CXX_LANGUAGE_STANDARD = "gnu++20";
				CLANG_ENABLE_MODULES = YES;
				CLANG_ENABLE_OBJC_ARC = YES;
				CLANG_ENABLE_OBJC_WEAK = YES;
				CLANG_WARN_BLOCK_CAPTURE_AUTORELEASING = YES;
				CLANG_WARN_BOOL_CONVERSION = YES;
				CLANG_WARN_COMMA = YES;
				CLANG_WARN_CONSTANT_CONVERSION = YES;
				CLANG_WARN_DEPRECATED_OBJC_IMPLEMENTATIONS = YES;
				CLANG_WARN_DIRECT_OBJC_ISA_USAGE = YES_ERROR;
				CLANG_WARN_DOCUMENTATION_COMMENTS = YES;
				CLANG_WARN_EMPTY_BODY = YES;
				CLANG_WARN_ENUM_CONVERSION = YES;
				CLANG_WARN_INFINITE_RECURSION = YES;
				CLANG_WARN_INT_CONVERSION = YES;
				CLANG_WARN_NON_LITERAL_NULL_CONVERSION = YES;
				CLANG_WARN_OBJC_IMPLICIT_RETAIN_SELF = YES;
				CLANG_WARN_OBJC_LITERAL_CONVERSION = YES;
				CLANG_WARN_OBJC_ROOT_CLASS = YES_ERROR;
				CLANG_WARN_QUOTED_INCLUDE_IN_FRAMEWORK_HEADER = YES;
				CLANG_WARN_RANGE_LOOP_ANALYSIS = YES;
				CLANG_WARN_STRICT_PROTOTYPES = YES;
				CLANG_WARN_SUSPICIOUS_MOVE = YES;
				CLANG_WARN_UNGUARDED_AVAILABILITY = YES_AGGRESSIVE;
				CLANG_WARN_UNREACHABLE_CODE = YES;
				CLANG_WARN__DUPLICATE_METHOD_MATCH = YES;
				COPY_PHASE_STRIP = NO;
				DEBUG_INFORMATION_FORMAT = dwarf;
				DEVELOPMENT_TEAM = KRD8562RRJ;
				ENABLE_STRICT_OBJC_MSGSEND = YES;
				ENABLE_TESTABILITY = YES;
				ENABLE_USER_SCRIPT_SANDBOXING = YES;
				GCC_C_LANGUAGE_STANDARD = gnu17;
				GCC_DYNAMIC_NO_PIC = NO;
				GCC_NO_COMMON_BLOCKS = YES;
				GCC_OPTIMIZATION_LEVEL = 0;
				GCC_PREPROCESSOR_DEFINITIONS = (
					"DEBUG=1",
					"$(inherited)",
				);
				GCC_WARN_64_TO_32_BIT_CONVERSION = YES;
				GCC_WARN_ABOUT_RETURN_TYPE = YES_ERROR;
				GCC_WARN_UNDECLARED_SELECTOR = YES;
				GCC_WARN_UNINITIALIZED_AUTOS = YES_AGGRESSIVE;
				GCC_WARN_UNUSED_FUNCTION = YES;
				GCC_WARN_UNUSED_VARIABLE = YES;
				IPHONEOS_DEPLOYMENT_TARGET = 18.4;
				LOCALIZATION_PREFERS_STRING_CATALOGS = YES;
				MTL_ENABLE_DEBUG_INFO = INCLUDE_SOURCE;
				MTL_FAST_MATH = YES;
				ONLY_ACTIVE_ARCH = YES;
				SDKROOT = iphoneos;
				SWIFT_ACTIVE_COMPILATION_CONDITIONS = "DEBUG $(inherited)";
				SWIFT_EMIT_LOC_STRINGS = YES;
				SWIFT_OPTIMIZATION_LEVEL = "-Onone";
			};
			name = Debug;
		};
		160AC4EB2E316284003D13A2 /* Release */ = {
			isa = XCBuildConfiguration;
			buildSettings = {
				ALWAYS_SEARCH_USER_PATHS = NO;
				ASSETCATALOG_COMPILER_GENERATE_SWIFT_ASSET_SYMBOL_EXTENSIONS = YES;
				CLANG_ANALYZER_NONNULL = YES;
				CLANG_ANALYZER_NUMBER_OBJECT_CONVERSION = YES_AGGRESSIVE;
				CLANG_CXX_LANGUAGE_STANDARD = "gnu++20";
				CLANG_ENABLE_MODULES = YES;
				CLANG_ENABLE_OBJC_ARC = YES;
				CLANG_ENABLE_OBJC_WEAK = YES;
				CLANG_WARN_BLOCK_CAPTURE_AUTORELEASING = YES;
				CLANG_WARN_BOOL_CONVERSION = YES;
				CLANG_WARN_COMMA = YES;
				CLANG_WARN_CONSTANT_CONVERSION = YES;
				CLANG_WARN_DEPRECATED_OBJC_IMPLEMENTATIONS = YES;
				CLANG_WARN_DIRECT_OBJC_ISA_USAGE = YES_ERROR;
				CLANG_WARN_DOCUMENTATION_COMMENTS = YES;
				CLANG_WARN_EMPTY_BODY = YES;
				CLANG_WARN_ENUM_CONVERSION = YES;
				CLANG_WARN_INFINITE_RECURSION = YES;
				CLANG_WARN_INT_CONVERSION = YES;
				CLANG_WARN_NON_LITERAL_NULL_CONVERSION = YES;
				CLANG_WARN_OBJC_IMPLICIT_RETAIN_SELF = YES;
				CLANG_WARN_OBJC_LITERAL_CONVERSION = YES;
				CLANG_WARN_OBJC_ROOT_CLASS = YES_ERROR;
				CLANG_WARN_QUOTED_INCLUDE_IN_FRAMEWORK_HEADER = YES;
				CLANG_WARN_RANGE_LOOP_ANALYSIS = YES;
				CLANG_WARN_STRICT_PROTOTYPES = YES;
				CLANG_WARN_SUSPICIOUS_MOVE = YES;
				CLANG_WARN_UNGUARDED_AVAILABILITY = YES_AGGRESSIVE;
				CLANG_WARN_UNREACHABLE_CODE = YES;
				CLANG_WARN__DUPLICATE_METHOD_MATCH = YES;
				COPY_PHASE_STRIP = NO;
				DEBUG_INFORMATION_FORMAT = "dwarf-with-dsym";
				DEVELOPMENT_TEAM = KRD8562RRJ;
				ENABLE_NS_ASSERTIONS = NO;
				ENABLE_STRICT_OBJC_MSGSEND = YES;
				ENABLE_USER_SCRIPT_SANDBOXING = YES;
				GCC_C_LANGUAGE_STANDARD = gnu17;
				GCC_NO_COMMON_BLOCKS = YES;
				GCC_WARN_64_TO_32_BIT_CONVERSION = YES;
				GCC_WARN_ABOUT_RETURN_TYPE = YES_ERROR;
				GCC_WARN_UNDECLARED_SELECTOR = YES;
				GCC_WARN_UNINITIALIZED_AUTOS = YES_AGGRESSIVE;
				GCC_WARN_UNUSED_FUNCTION = YES;
				GCC_WARN_UNUSED_VARIABLE = YES;
				IPHONEOS_DEPLOYMENT_TARGET = 18.4;
				LOCALIZATION_PREFERS_STRING_CATALOGS = YES;
				MTL_ENABLE_DEBUG_INFO = NO;
				MTL_FAST_MATH = YES;
				SDKROOT = iphoneos;
				SWIFT_COMPILATION_MODE = wholemodule;
				SWIFT_EMIT_LOC_STRINGS = YES;
				VALIDATE_PRODUCT = YES;
			};
			name = Release;
		};
		160AC4ED2E316284003D13A2 /* Debug */ = {
			isa = XCBuildConfiguration;
			buildSettings = {
				ASSETCATALOG_COMPILER_APPICON_NAME = AppIcon;
				ASSETCATALOG_COMPILER_GLOBAL_ACCENT_COLOR_NAME = AccentColor;
				CODE_SIGN_STYLE = Automatic;
				CURRENT_PROJECT_VERSION = 1;
				DEVELOPMENT_TEAM = KRD8562RRJ;
				ENABLE_PREVIEWS = YES;
				GENERATE_INFOPLIST_FILE = YES;
				INFOPLIST_FILE = Brasileirao/App/Info.plist;
				INFOPLIST_KEY_UIApplicationSceneManifest_Generation = YES;
				INFOPLIST_KEY_UIApplicationSupportsIndirectInputEvents = YES;
				INFOPLIST_KEY_UILaunchScreen_Generation = YES;
				INFOPLIST_KEY_UISupportedInterfaceOrientations_iPad = "UIInterfaceOrientationPortrait UIInterfaceOrientationPortraitUpsideDown UIInterfaceOrientationLandscapeLeft UIInterfaceOrientationLandscapeRight";
				INFOPLIST_KEY_UISupportedInterfaceOrientations_iPhone = "UIInterfaceOrientationPortrait UIInterfaceOrientationLandscapeLeft UIInterfaceOrientationLandscapeRight";
				IPHONEOS_DEPLOYMENT_TARGET = 17.0;
				LD_RUNPATH_SEARCH_PATHS = (
					"$(inherited)",
					"@executable_path/Frameworks",
				);
				MARKETING_VERSION = 1.0;
				PRODUCT_BUNDLE_IDENTIFIER = com.selecaoglobocom.Brasileirao;
				PRODUCT_NAME = "$(TARGET_NAME)";
				SUPPORTED_PLATFORMS = "iphoneos iphonesimulator";
				SUPPORTS_MACCATALYST = NO;
				SUPPORTS_MAC_DESIGNED_FOR_IPHONE_IPAD = NO;
				SUPPORTS_XR_DESIGNED_FOR_IPHONE_IPAD = NO;
				SWIFT_EMIT_LOC_STRINGS = NO;
				SWIFT_VERSION = 5.0;
				TARGETED_DEVICE_FAMILY = 1;
			};
			name = Debug;
		};
		160AC4EE2E316284003D13A2 /* Release */ = {
			isa = XCBuildConfiguration;
			buildSettings = {
				ASSETCATALOG_COMPILER_APPICON_NAME = AppIcon;
				ASSETCATALOG_COMPILER_GLOBAL_ACCENT_COLOR_NAME = AccentColor;
				CODE_SIGN_STYLE = Automatic;
				CURRENT_PROJECT_VERSION = 1;
				DEVELOPMENT_TEAM = KRD8562RRJ;
				ENABLE_PREVIEWS = YES;
				GENERATE_INFOPLIST_FILE = YES;
				INFOPLIST_FILE = Brasileirao/App/Info.plist;
				INFOPLIST_KEY_UIApplicationSceneManifest_Generation = YES;
				INFOPLIST_KEY_UIApplicationSupportsIndirectInputEvents = YES;
				INFOPLIST_KEY_UILaunchScreen_Generation = YES;
				INFOPLIST_KEY_UISupportedInterfaceOrientations_iPad = "UIInterfaceOrientationPortrait UIInterfaceOrientationPortraitUpsideDown UIInterfaceOrientationLandscapeLeft UIInterfaceOrientationLandscapeRight";
				INFOPLIST_KEY_UISupportedInterfaceOrientations_iPhone = "UIInterfaceOrientationPortrait UIInterfaceOrientationLandscapeLeft UIInterfaceOrientationLandscapeRight";
				IPHONEOS_DEPLOYMENT_TARGET = 17.0;
				LD_RUNPATH_SEARCH_PATHS = (
					"$(inherited)",
					"@executable_path/Frameworks",
				);
				MARKETING_VERSION = 1.0;
				PRODUCT_BUNDLE_IDENTIFIER = com.selecaoglobocom.Brasileirao;
				PRODUCT_NAME = "$(TARGET_NAME)";
				SUPPORTED_PLATFORMS = "iphoneos iphonesimulator";
				SUPPORTS_MACCATALYST = NO;
				SUPPORTS_MAC_DESIGNED_FOR_IPHONE_IPAD = NO;
				SUPPORTS_XR_DESIGNED_FOR_IPHONE_IPAD = NO;
				SWIFT_EMIT_LOC_STRINGS = NO;
				SWIFT_VERSION = 5.0;
				TARGETED_DEVICE_FAMILY = 1;
			};
			name = Release;
		};
		1624F53F2E39179F0053DEDC /* Debug */ = {
			isa = XCBuildConfiguration;
			buildSettings = {
				BUNDLE_LOADER = "$(TEST_HOST)";
				CODE_SIGN_STYLE = Automatic;
				CURRENT_PROJECT_VERSION = 1;
				DEVELOPMENT_TEAM = KRD8562RRJ;
				GENERATE_INFOPLIST_FILE = YES;
				IPHONEOS_DEPLOYMENT_TARGET = 17.0;
				MARKETING_VERSION = 1.0;
				PRODUCT_BUNDLE_IDENTIFIER = com.selecaoglobocom.BrasileiraoTests;
				PRODUCT_NAME = "$(TARGET_NAME)";
				SWIFT_EMIT_LOC_STRINGS = NO;
				SWIFT_VERSION = 5.0;
				TARGETED_DEVICE_FAMILY = "1,2";
				TEST_HOST = "$(BUILT_PRODUCTS_DIR)/Brasileirao.app/$(BUNDLE_EXECUTABLE_FOLDER_PATH)/Brasileirao";
			};
			name = Debug;
		};
		1624F5402E39179F0053DEDC /* Release */ = {
			isa = XCBuildConfiguration;
			buildSettings = {
				BUNDLE_LOADER = "$(TEST_HOST)";
				CODE_SIGN_STYLE = Automatic;
				CURRENT_PROJECT_VERSION = 1;
				DEVELOPMENT_TEAM = KRD8562RRJ;
				GENERATE_INFOPLIST_FILE = YES;
				IPHONEOS_DEPLOYMENT_TARGET = 17.0;
				MARKETING_VERSION = 1.0;
				PRODUCT_BUNDLE_IDENTIFIER = com.selecaoglobocom.BrasileiraoTests;
				PRODUCT_NAME = "$(TARGET_NAME)";
				SWIFT_EMIT_LOC_STRINGS = NO;
				SWIFT_VERSION = 5.0;
				TARGETED_DEVICE_FAMILY = "1,2";
				TEST_HOST = "$(BUILT_PRODUCTS_DIR)/Brasileirao.app/$(BUNDLE_EXECUTABLE_FOLDER_PATH)/Brasileirao";
			};
			name = Release;
		};
		1624F56C2E3942570053DEDC /* Debug */ = {
			isa = XCBuildConfiguration;
			buildSettings = {
				CODE_SIGN_STYLE = Automatic;
				CURRENT_PROJECT_VERSION = 1;
				DEVELOPMENT_TEAM = KRD8562RRJ;
				GENERATE_INFOPLIST_FILE = YES;
				IPHONEOS_DEPLOYMENT_TARGET = 17.0;
				MARKETING_VERSION = 1.0;
				PRODUCT_BUNDLE_IDENTIFIER = com.selecaoglobocom.BrasileiraoUITests;
				PRODUCT_NAME = "$(TARGET_NAME)";
				SWIFT_EMIT_LOC_STRINGS = NO;
				SWIFT_VERSION = 5.0;
				TARGETED_DEVICE_FAMILY = "1,2";
				TEST_TARGET_NAME = Brasileirao;
			};
			name = Debug;
		};
		1624F56D2E3942570053DEDC /* Release */ = {
			isa = XCBuildConfiguration;
			buildSettings = {
				CODE_SIGN_STYLE = Automatic;
				CURRENT_PROJECT_VERSION = 1;
				DEVELOPMENT_TEAM = KRD8562RRJ;
				GENERATE_INFOPLIST_FILE = YES;
				IPHONEOS_DEPLOYMENT_TARGET = 17.0;
				MARKETING_VERSION = 1.0;
				PRODUCT_BUNDLE_IDENTIFIER = com.selecaoglobocom.BrasileiraoUITests;
				PRODUCT_NAME = "$(TARGET_NAME)";
				SWIFT_EMIT_LOC_STRINGS = NO;
				SWIFT_VERSION = 5.0;
				TARGETED_DEVICE_FAMILY = "1,2";
				TEST_TARGET_NAME = Brasileirao;
			};
			name = Release;
		};
/* End XCBuildConfiguration section */

/* Begin XCConfigurationList section */
		160AC4C42E316281003D13A2 /* Build configuration list for PBXProject "Brasileirao" */ = {
			isa = XCConfigurationList;
			buildConfigurations = (
				160AC4EA2E316284003D13A2 /* Debug */,
				160AC4EB2E316284003D13A2 /* Release */,
			);
			defaultConfigurationIsVisible = 0;
			defaultConfigurationName = Release;
		};
		160AC4EC2E316284003D13A2 /* Build configuration list for PBXNativeTarget "Brasileirao" */ = {
			isa = XCConfigurationList;
			buildConfigurations = (
				160AC4ED2E316284003D13A2 /* Debug */,
				160AC4EE2E316284003D13A2 /* Release */,
			);
			defaultConfigurationIsVisible = 0;
			defaultConfigurationName = Release;
		};
		1624F53E2E39179F0053DEDC /* Build configuration list for PBXNativeTarget "BrasileiraoTests" */ = {
			isa = XCConfigurationList;
			buildConfigurations = (
				1624F53F2E39179F0053DEDC /* Debug */,
				1624F5402E39179F0053DEDC /* Release */,
			);
			defaultConfigurationIsVisible = 0;
			defaultConfigurationName = Release;
		};
		1624F56B2E3942570053DEDC /* Build configuration list for PBXNativeTarget "BrasileiraoUITests" */ = {
			isa = XCConfigurationList;
			buildConfigurations = (
				1624F56C2E3942570053DEDC /* Debug */,
				1624F56D2E3942570053DEDC /* Release */,
			);
			defaultConfigurationIsVisible = 0;
			defaultConfigurationName = Release;
		};
/* End XCConfigurationList section */

/* Begin XCRemoteSwiftPackageReference section */
		160AC5422E317657003D13A2 /* XCRemoteSwiftPackageReference "Kingfisher" */ = {
			isa = XCRemoteSwiftPackageReference;
			repositoryURL = "https://github.com/onevcat/Kingfisher.git";
			requirement = {
				kind = upToNextMajorVersion;
				minimumVersion = 8.5.0;
			};
		};
/* End XCRemoteSwiftPackageReference section */

/* Begin XCSwiftPackageProductDependency section */
		160AC5432E317657003D13A2 /* Kingfisher */ = {
			isa = XCSwiftPackageProductDependency;
			package = 160AC5422E317657003D13A2 /* XCRemoteSwiftPackageReference "Kingfisher" */;
			productName = Kingfisher;
		};
/* End XCSwiftPackageProductDependency section */
	};
	rootObject = 160AC4C12E316281003D13A2 /* Project object */;
}
